// !$*UTF8*$!
{
	archiveVersion = 1;
	classes = {
	};
	objectVersion = 52;
	objects = {

/* Begin PBXBuildFile section */
		4DB79D2D6E7CDA34F6454D66 /* Pods_NIBM_Parking.framework in Frameworks */ = {isa = PBXBuildFile; fileRef = 0CCB6CF47D8D8395ECB8195F /* Pods_NIBM_Parking.framework */; };
		4FB6B56A8A4DDA00575B713A /* Pods_NIBM_Parking_NIBM_ParkingUITests.framework in Frameworks */ = {isa = PBXBuildFile; fileRef = 5A3F39B9C8917B23FC6C9812 /* Pods_NIBM_Parking_NIBM_ParkingUITests.framework */; };
		692797D1273E4B2900A80E1F /* GoogleService-Info.plist in Resources */ = {isa = PBXBuildFile; fileRef = 692797D0273E4B2900A80E1F /* GoogleService-Info.plist */; };
		692797D2273E4B2900A80E1F /* GoogleService-Info.plist in Resources */ = {isa = PBXBuildFile; fileRef = 692797D0273E4B2900A80E1F /* GoogleService-Info.plist */; };
		692797D3273E4B2900A80E1F /* GoogleService-Info.plist in Resources */ = {isa = PBXBuildFile; fileRef = 692797D0273E4B2900A80E1F /* GoogleService-Info.plist */; };
		692797D5273E730700A80E1F /* SigninViewController.swift in Sources */ = {isa = PBXBuildFile; fileRef = 692797D4273E730700A80E1F /* SigninViewController.swift */; };
		692797D6273E730700A80E1F /* SigninViewController.swift in Sources */ = {isa = PBXBuildFile; fileRef = 692797D4273E730700A80E1F /* SigninViewController.swift */; };
		692797D7273E730700A80E1F /* SigninViewController.swift in Sources */ = {isa = PBXBuildFile; fileRef = 692797D4273E730700A80E1F /* SigninViewController.swift */; };
		692797DD273E76D100A80E1F /* EntityModel.swift in Sources */ = {isa = PBXBuildFile; fileRef = 692797DC273E76D100A80E1F /* EntityModel.swift */; };
		692797DE273E76D100A80E1F /* EntityModel.swift in Sources */ = {isa = PBXBuildFile; fileRef = 692797DC273E76D100A80E1F /* EntityModel.swift */; };
		692797DF273E76D100A80E1F /* EntityModel.swift in Sources */ = {isa = PBXBuildFile; fileRef = 692797DC273E76D100A80E1F /* EntityModel.swift */; };
		693D49D72745545E005C2448 /* SplashViewController.swift in Sources */ = {isa = PBXBuildFile; fileRef = 693D49D62745545E005C2448 /* SplashViewController.swift */; };
		693D49D82745545E005C2448 /* SplashViewController.swift in Sources */ = {isa = PBXBuildFile; fileRef = 693D49D62745545E005C2448 /* SplashViewController.swift */; };
		693D49D92745545E005C2448 /* SplashViewController.swift in Sources */ = {isa = PBXBuildFile; fileRef = 693D49D62745545E005C2448 /* SplashViewController.swift */; };
		693D49DB27456261005C2448 /* HomeSwiftUIView.swift in Sources */ = {isa = PBXBuildFile; fileRef = 693D49DA27456261005C2448 /* HomeSwiftUIView.swift */; };
		693D49DC27456261005C2448 /* HomeSwiftUIView.swift in Sources */ = {isa = PBXBuildFile; fileRef = 693D49DA27456261005C2448 /* HomeSwiftUIView.swift */; };
		693D49DD27456261005C2448 /* HomeSwiftUIView.swift in Sources */ = {isa = PBXBuildFile; fileRef = 693D49DA27456261005C2448 /* HomeSwiftUIView.swift */; };
		693D49DF27456702005C2448 /* forgetPasswordViewController.swift in Sources */ = {isa = PBXBuildFile; fileRef = 693D49DE27456702005C2448 /* forgetPasswordViewController.swift */; };
		693D49E027456702005C2448 /* forgetPasswordViewController.swift in Sources */ = {isa = PBXBuildFile; fileRef = 693D49DE27456702005C2448 /* forgetPasswordViewController.swift */; };
		693D49E127456702005C2448 /* forgetPasswordViewController.swift in Sources */ = {isa = PBXBuildFile; fileRef = 693D49DE27456702005C2448 /* forgetPasswordViewController.swift */; };
		693D49ED27457F6A005C2448 /* HomeViewController.swift in Sources */ = {isa = PBXBuildFile; fileRef = 693D49EC27457F6A005C2448 /* HomeViewController.swift */; };
		693D49EE27457F6A005C2448 /* HomeViewController.swift in Sources */ = {isa = PBXBuildFile; fileRef = 693D49EC27457F6A005C2448 /* HomeViewController.swift */; };
		693D49EF27457F6A005C2448 /* HomeViewController.swift in Sources */ = {isa = PBXBuildFile; fileRef = 693D49EC27457F6A005C2448 /* HomeViewController.swift */; };
		693D49F127458192005C2448 /* ProfileViewController.swift in Sources */ = {isa = PBXBuildFile; fileRef = 693D49F027458192005C2448 /* ProfileViewController.swift */; };
		693D49F227458192005C2448 /* ProfileViewController.swift in Sources */ = {isa = PBXBuildFile; fileRef = 693D49F027458192005C2448 /* ProfileViewController.swift */; };
		693D49F327458192005C2448 /* ProfileViewController.swift in Sources */ = {isa = PBXBuildFile; fileRef = 693D49F027458192005C2448 /* ProfileViewController.swift */; };
		6940215D273CFCAD004615B6 /* AppDelegate.swift in Sources */ = {isa = PBXBuildFile; fileRef = 6940215C273CFCAD004615B6 /* AppDelegate.swift */; };
		6940215F273CFCAD004615B6 /* SceneDelegate.swift in Sources */ = {isa = PBXBuildFile; fileRef = 6940215E273CFCAD004615B6 /* SceneDelegate.swift */; };
		69402164273CFCAD004615B6 /* Main.storyboard in Resources */ = {isa = PBXBuildFile; fileRef = 69402162273CFCAD004615B6 /* Main.storyboard */; };
		69402166273CFCB1004615B6 /* Assets.xcassets in Resources */ = {isa = PBXBuildFile; fileRef = 69402165273CFCB1004615B6 /* Assets.xcassets */; };
		69402169273CFCB1004615B6 /* LaunchScreen.storyboard in Resources */ = {isa = PBXBuildFile; fileRef = 69402167273CFCB1004615B6 /* LaunchScreen.storyboard */; };
		69402174273CFCB1004615B6 /* NIBM_ParkingTests.swift in Sources */ = {isa = PBXBuildFile; fileRef = 69402173273CFCB1004615B6 /* NIBM_ParkingTests.swift */; };
		6940217F273CFCB1004615B6 /* NIBM_ParkingUITests.swift in Sources */ = {isa = PBXBuildFile; fileRef = 6940217E273CFCB1004615B6 /* NIBM_ParkingUITests.swift */; };
		6944BE712743F87600C20A62 /* SignUpViewController.swift in Sources */ = {isa = PBXBuildFile; fileRef = 6944BE702743F87600C20A62 /* SignUpViewController.swift */; };
		6944BE722743F87600C20A62 /* SignUpViewController.swift in Sources */ = {isa = PBXBuildFile; fileRef = 6944BE702743F87600C20A62 /* SignUpViewController.swift */; };
		6944BE732743F87600C20A62 /* SignUpViewController.swift in Sources */ = {isa = PBXBuildFile; fileRef = 6944BE702743F87600C20A62 /* SignUpViewController.swift */; };
		6944BE772744298400C20A62 /* sessionControl.swift in Sources */ = {isa = PBXBuildFile; fileRef = 6944BE762744298400C20A62 /* sessionControl.swift */; };
		6944BE782744298400C20A62 /* sessionControl.swift in Sources */ = {isa = PBXBuildFile; fileRef = 6944BE762744298400C20A62 /* sessionControl.swift */; };
		6944BE792744298400C20A62 /* sessionControl.swift in Sources */ = {isa = PBXBuildFile; fileRef = 6944BE762744298400C20A62 /* sessionControl.swift */; };
		6944BE7B2744421C00C20A62 /* inputValidator.swift in Sources */ = {isa = PBXBuildFile; fileRef = 6944BE7A2744421C00C20A62 /* inputValidator.swift */; };
		6944BE7C2744421C00C20A62 /* inputValidator.swift in Sources */ = {isa = PBXBuildFile; fileRef = 6944BE7A2744421C00C20A62 /* inputValidator.swift */; };
		6944BE7D2744421C00C20A62 /* inputValidator.swift in Sources */ = {isa = PBXBuildFile; fileRef = 6944BE7A2744421C00C20A62 /* inputValidator.swift */; };
		69563FB1274D113800F29CA1 /* TabViewSwiftUIView.swift in Sources */ = {isa = PBXBuildFile; fileRef = 69563FB0274D113700F29CA1 /* TabViewSwiftUIView.swift */; };
		695B857F2746A48B002F372F /* ProfileSwiftUIView.swift in Sources */ = {isa = PBXBuildFile; fileRef = 695B857E2746A48B002F372F /* ProfileSwiftUIView.swift */; };
		695B85802746A48B002F372F /* ProfileSwiftUIView.swift in Sources */ = {isa = PBXBuildFile; fileRef = 695B857E2746A48B002F372F /* ProfileSwiftUIView.swift */; };
		695B85812746A48B002F372F /* ProfileSwiftUIView.swift in Sources */ = {isa = PBXBuildFile; fileRef = 695B857E2746A48B002F372F /* ProfileSwiftUIView.swift */; };
		695B85832746A4CF002F372F /* SettingsSwiftUIView.swift in Sources */ = {isa = PBXBuildFile; fileRef = 695B85822746A4CF002F372F /* SettingsSwiftUIView.swift */; };
		695B85842746A4CF002F372F /* SettingsSwiftUIView.swift in Sources */ = {isa = PBXBuildFile; fileRef = 695B85822746A4CF002F372F /* SettingsSwiftUIView.swift */; };
		695B85852746A4CF002F372F /* SettingsSwiftUIView.swift in Sources */ = {isa = PBXBuildFile; fileRef = 695B85822746A4CF002F372F /* SettingsSwiftUIView.swift */; };
		695B85872746A4E6002F372F /* BookingSwiftUIView.swift in Sources */ = {isa = PBXBuildFile; fileRef = 695B85862746A4E6002F372F /* BookingSwiftUIView.swift */; };
		695B85882746A4E6002F372F /* BookingSwiftUIView.swift in Sources */ = {isa = PBXBuildFile; fileRef = 695B85862746A4E6002F372F /* BookingSwiftUIView.swift */; };
		695B85892746A4E6002F372F /* BookingSwiftUIView.swift in Sources */ = {isa = PBXBuildFile; fileRef = 695B85862746A4E6002F372F /* BookingSwiftUIView.swift */; };
		695B858B2747669A002F372F /* QRCodeSwiftUIView.swift in Sources */ = {isa = PBXBuildFile; fileRef = 695B858A2747669A002F372F /* QRCodeSwiftUIView.swift */; };
		695B858C2747669A002F372F /* QRCodeSwiftUIView.swift in Sources */ = {isa = PBXBuildFile; fileRef = 695B858A2747669A002F372F /* QRCodeSwiftUIView.swift */; };
		695B858D2747669A002F372F /* QRCodeSwiftUIView.swift in Sources */ = {isa = PBXBuildFile; fileRef = 695B858A2747669A002F372F /* QRCodeSwiftUIView.swift */; };
		695B859427476B44002F372F /* CodeScanner in Frameworks */ = {isa = PBXBuildFile; productRef = 695B859327476B44002F372F /* CodeScanner */; };
		695B859627479F6F002F372F /* SettingsViewController.swift in Sources */ = {isa = PBXBuildFile; fileRef = 695B859527479F6F002F372F /* SettingsViewController.swift */; };
		695B859727479F6F002F372F /* SettingsViewController.swift in Sources */ = {isa = PBXBuildFile; fileRef = 695B859527479F6F002F372F /* SettingsViewController.swift */; };
		695B859827479F6F002F372F /* SettingsViewController.swift in Sources */ = {isa = PBXBuildFile; fileRef = 695B859527479F6F002F372F /* SettingsViewController.swift */; };
		695B859A27481204002F372F /* LoginSwiftUIView.swift in Sources */ = {isa = PBXBuildFile; fileRef = 695B859927481204002F372F /* LoginSwiftUIView.swift */; };
		695B859B27481204002F372F /* LoginSwiftUIView.swift in Sources */ = {isa = PBXBuildFile; fileRef = 695B859927481204002F372F /* LoginSwiftUIView.swift */; };
		695B859C27481204002F372F /* LoginSwiftUIView.swift in Sources */ = {isa = PBXBuildFile; fileRef = 695B859927481204002F372F /* LoginSwiftUIView.swift */; };
		695B859E274829F6002F372F /* SignUpSwiftUIView.swift in Sources */ = {isa = PBXBuildFile; fileRef = 695B859D274829F6002F372F /* SignUpSwiftUIView.swift */; };
		695B859F274829F6002F372F /* SignUpSwiftUIView.swift in Sources */ = {isa = PBXBuildFile; fileRef = 695B859D274829F6002F372F /* SignUpSwiftUIView.swift */; };
		695B85A0274829F6002F372F /* SignUpSwiftUIView.swift in Sources */ = {isa = PBXBuildFile; fileRef = 695B859D274829F6002F372F /* SignUpSwiftUIView.swift */; };
		C6DA03571A8D771914C1B7B0 /* Pods_NIBM_ParkingTests.framework in Frameworks */ = {isa = PBXBuildFile; fileRef = 51B43CF377E13ED0DBDB9B57 /* Pods_NIBM_ParkingTests.framework */; };
/* End PBXBuildFile section */

/* Begin PBXContainerItemProxy section */
		69402170273CFCB1004615B6 /* PBXContainerItemProxy */ = {
			isa = PBXContainerItemProxy;
			containerPortal = 69402151273CFCAD004615B6 /* Project object */;
			proxyType = 1;
			remoteGlobalIDString = 69402158273CFCAD004615B6;
			remoteInfo = "NIBM Parking";
		};
		6940217B273CFCB1004615B6 /* PBXContainerItemProxy */ = {
			isa = PBXContainerItemProxy;
			containerPortal = 69402151273CFCAD004615B6 /* Project object */;
			proxyType = 1;
			remoteGlobalIDString = 69402158273CFCAD004615B6;
			remoteInfo = "NIBM Parking";
		};
/* End PBXContainerItemProxy section */

/* Begin PBXFileReference section */
		0CCB6CF47D8D8395ECB8195F /* Pods_NIBM_Parking.framework */ = {isa = PBXFileReference; explicitFileType = wrapper.framework; includeInIndex = 0; path = Pods_NIBM_Parking.framework; sourceTree = BUILT_PRODUCTS_DIR; };
		13B7577B025F161C877F2B68 /* Pods-NIBM Parking-NIBM ParkingUITests.release.xcconfig */ = {isa = PBXFileReference; includeInIndex = 1; lastKnownFileType = text.xcconfig; name = "Pods-NIBM Parking-NIBM ParkingUITests.release.xcconfig"; path = "Target Support Files/Pods-NIBM Parking-NIBM ParkingUITests/Pods-NIBM Parking-NIBM ParkingUITests.release.xcconfig"; sourceTree = "<group>"; };
		51B43CF377E13ED0DBDB9B57 /* Pods_NIBM_ParkingTests.framework */ = {isa = PBXFileReference; explicitFileType = wrapper.framework; includeInIndex = 0; path = Pods_NIBM_ParkingTests.framework; sourceTree = BUILT_PRODUCTS_DIR; };
		56488E386470CC99A89F4E06 /* Pods-NIBM Parking-NIBM ParkingUITests.debug.xcconfig */ = {isa = PBXFileReference; includeInIndex = 1; lastKnownFileType = text.xcconfig; name = "Pods-NIBM Parking-NIBM ParkingUITests.debug.xcconfig"; path = "Target Support Files/Pods-NIBM Parking-NIBM ParkingUITests/Pods-NIBM Parking-NIBM ParkingUITests.debug.xcconfig"; sourceTree = "<group>"; };
		5A3F39B9C8917B23FC6C9812 /* Pods_NIBM_Parking_NIBM_ParkingUITests.framework */ = {isa = PBXFileReference; explicitFileType = wrapper.framework; includeInIndex = 0; path = Pods_NIBM_Parking_NIBM_ParkingUITests.framework; sourceTree = BUILT_PRODUCTS_DIR; };
		692797D0273E4B2900A80E1F /* GoogleService-Info.plist */ = {isa = PBXFileReference; fileEncoding = 4; lastKnownFileType = text.plist.xml; path = "GoogleService-Info.plist"; sourceTree = "<group>"; };
		692797D4273E730700A80E1F /* SigninViewController.swift */ = {isa = PBXFileReference; lastKnownFileType = sourcecode.swift; path = SigninViewController.swift; sourceTree = "<group>"; };
		692797DC273E76D100A80E1F /* EntityModel.swift */ = {isa = PBXFileReference; lastKnownFileType = sourcecode.swift; path = EntityModel.swift; sourceTree = "<group>"; };
		693D49D62745545E005C2448 /* SplashViewController.swift */ = {isa = PBXFileReference; lastKnownFileType = sourcecode.swift; path = SplashViewController.swift; sourceTree = "<group>"; };
		693D49DA27456261005C2448 /* HomeSwiftUIView.swift */ = {isa = PBXFileReference; lastKnownFileType = sourcecode.swift; path = HomeSwiftUIView.swift; sourceTree = "<group>"; };
		693D49DE27456702005C2448 /* forgetPasswordViewController.swift */ = {isa = PBXFileReference; lastKnownFileType = sourcecode.swift; path = forgetPasswordViewController.swift; sourceTree = "<group>"; };
		693D49EC27457F6A005C2448 /* HomeViewController.swift */ = {isa = PBXFileReference; lastKnownFileType = sourcecode.swift; path = HomeViewController.swift; sourceTree = "<group>"; };
		693D49F027458192005C2448 /* ProfileViewController.swift */ = {isa = PBXFileReference; lastKnownFileType = sourcecode.swift; path = ProfileViewController.swift; sourceTree = "<group>"; };
		69402159273CFCAD004615B6 /* NIBM Parking.app */ = {isa = PBXFileReference; explicitFileType = wrapper.application; includeInIndex = 0; path = "NIBM Parking.app"; sourceTree = BUILT_PRODUCTS_DIR; };
		6940215C273CFCAD004615B6 /* AppDelegate.swift */ = {isa = PBXFileReference; lastKnownFileType = sourcecode.swift; path = AppDelegate.swift; sourceTree = "<group>"; };
		6940215E273CFCAD004615B6 /* SceneDelegate.swift */ = {isa = PBXFileReference; lastKnownFileType = sourcecode.swift; path = SceneDelegate.swift; sourceTree = "<group>"; };
		69402163273CFCAD004615B6 /* Base */ = {isa = PBXFileReference; lastKnownFileType = file.storyboard; name = Base; path = Base.lproj/Main.storyboard; sourceTree = "<group>"; };
		69402165273CFCB1004615B6 /* Assets.xcassets */ = {isa = PBXFileReference; lastKnownFileType = folder.assetcatalog; path = Assets.xcassets; sourceTree = "<group>"; };
		69402168273CFCB1004615B6 /* Base */ = {isa = PBXFileReference; lastKnownFileType = file.storyboard; name = Base; path = Base.lproj/LaunchScreen.storyboard; sourceTree = "<group>"; };
		6940216A273CFCB1004615B6 /* Info.plist */ = {isa = PBXFileReference; lastKnownFileType = text.plist.xml; path = Info.plist; sourceTree = "<group>"; };
		6940216F273CFCB1004615B6 /* NIBM ParkingTests.xctest */ = {isa = PBXFileReference; explicitFileType = wrapper.cfbundle; includeInIndex = 0; path = "NIBM ParkingTests.xctest"; sourceTree = BUILT_PRODUCTS_DIR; };
		69402173273CFCB1004615B6 /* NIBM_ParkingTests.swift */ = {isa = PBXFileReference; lastKnownFileType = sourcecode.swift; path = NIBM_ParkingTests.swift; sourceTree = "<group>"; };
		69402175273CFCB1004615B6 /* Info.plist */ = {isa = PBXFileReference; lastKnownFileType = text.plist.xml; path = Info.plist; sourceTree = "<group>"; };
		6940217A273CFCB1004615B6 /* NIBM ParkingUITests.xctest */ = {isa = PBXFileReference; explicitFileType = wrapper.cfbundle; includeInIndex = 0; path = "NIBM ParkingUITests.xctest"; sourceTree = BUILT_PRODUCTS_DIR; };
		6940217E273CFCB1004615B6 /* NIBM_ParkingUITests.swift */ = {isa = PBXFileReference; lastKnownFileType = sourcecode.swift; path = NIBM_ParkingUITests.swift; sourceTree = "<group>"; };
		69402180273CFCB1004615B6 /* Info.plist */ = {isa = PBXFileReference; lastKnownFileType = text.plist.xml; path = Info.plist; sourceTree = "<group>"; };
		6944BE702743F87600C20A62 /* SignUpViewController.swift */ = {isa = PBXFileReference; lastKnownFileType = sourcecode.swift; path = SignUpViewController.swift; sourceTree = "<group>"; };
		6944BE762744298400C20A62 /* sessionControl.swift */ = {isa = PBXFileReference; lastKnownFileType = sourcecode.swift; path = sessionControl.swift; sourceTree = "<group>"; };
		6944BE7A2744421C00C20A62 /* inputValidator.swift */ = {isa = PBXFileReference; lastKnownFileType = sourcecode.swift; path = inputValidator.swift; sourceTree = "<group>"; };
		69563FB0274D113700F29CA1 /* TabViewSwiftUIView.swift */ = {isa = PBXFileReference; lastKnownFileType = sourcecode.swift; path = TabViewSwiftUIView.swift; sourceTree = "<group>"; };
		695B857E2746A48B002F372F /* ProfileSwiftUIView.swift */ = {isa = PBXFileReference; lastKnownFileType = sourcecode.swift; path = ProfileSwiftUIView.swift; sourceTree = "<group>"; };
		695B85822746A4CF002F372F /* SettingsSwiftUIView.swift */ = {isa = PBXFileReference; lastKnownFileType = sourcecode.swift; path = SettingsSwiftUIView.swift; sourceTree = "<group>"; };
		695B85862746A4E6002F372F /* BookingSwiftUIView.swift */ = {isa = PBXFileReference; lastKnownFileType = sourcecode.swift; path = BookingSwiftUIView.swift; sourceTree = "<group>"; };
		695B858A2747669A002F372F /* QRCodeSwiftUIView.swift */ = {isa = PBXFileReference; lastKnownFileType = sourcecode.swift; path = QRCodeSwiftUIView.swift; sourceTree = "<group>"; };
		695B859527479F6F002F372F /* SettingsViewController.swift */ = {isa = PBXFileReference; lastKnownFileType = sourcecode.swift; path = SettingsViewController.swift; sourceTree = "<group>"; };
		695B859927481204002F372F /* LoginSwiftUIView.swift */ = {isa = PBXFileReference; lastKnownFileType = sourcecode.swift; path = LoginSwiftUIView.swift; sourceTree = "<group>"; };
		695B859D274829F6002F372F /* SignUpSwiftUIView.swift */ = {isa = PBXFileReference; lastKnownFileType = sourcecode.swift; path = SignUpSwiftUIView.swift; sourceTree = "<group>"; };
		8D763FBCB2E9BB2A2CDAF9D6 /* Pods-NIBM ParkingTests.release.xcconfig */ = {isa = PBXFileReference; includeInIndex = 1; lastKnownFileType = text.xcconfig; name = "Pods-NIBM ParkingTests.release.xcconfig"; path = "Target Support Files/Pods-NIBM ParkingTests/Pods-NIBM ParkingTests.release.xcconfig"; sourceTree = "<group>"; };
		9AEBCCB605C2BDE7C6DC0743 /* Pods-NIBM Parking.debug.xcconfig */ = {isa = PBXFileReference; includeInIndex = 1; lastKnownFileType = text.xcconfig; name = "Pods-NIBM Parking.debug.xcconfig"; path = "Target Support Files/Pods-NIBM Parking/Pods-NIBM Parking.debug.xcconfig"; sourceTree = "<group>"; };
		A469FBA86ED89EAF68A8D092 /* Pods-NIBM Parking.release.xcconfig */ = {isa = PBXFileReference; includeInIndex = 1; lastKnownFileType = text.xcconfig; name = "Pods-NIBM Parking.release.xcconfig"; path = "Target Support Files/Pods-NIBM Parking/Pods-NIBM Parking.release.xcconfig"; sourceTree = "<group>"; };
		C79655CE9D3F48F5EDB3B07B /* Pods-NIBM ParkingTests.debug.xcconfig */ = {isa = PBXFileReference; includeInIndex = 1; lastKnownFileType = text.xcconfig; name = "Pods-NIBM ParkingTests.debug.xcconfig"; path = "Target Support Files/Pods-NIBM ParkingTests/Pods-NIBM ParkingTests.debug.xcconfig"; sourceTree = "<group>"; };
/* End PBXFileReference section */

/* Begin PBXFrameworksBuildPhase section */
		69402156273CFCAD004615B6 /* Frameworks */ = {
			isa = PBXFrameworksBuildPhase;
			buildActionMask = 2147483647;
			files = (
				695B859427476B44002F372F /* CodeScanner in Frameworks */,
				4DB79D2D6E7CDA34F6454D66 /* Pods_NIBM_Parking.framework in Frameworks */,
			);
			runOnlyForDeploymentPostprocessing = 0;
		};
		6940216C273CFCB1004615B6 /* Frameworks */ = {
			isa = PBXFrameworksBuildPhase;
			buildActionMask = 2147483647;
			files = (
				C6DA03571A8D771914C1B7B0 /* Pods_NIBM_ParkingTests.framework in Frameworks */,
			);
			runOnlyForDeploymentPostprocessing = 0;
		};
		69402177273CFCB1004615B6 /* Frameworks */ = {
			isa = PBXFrameworksBuildPhase;
			buildActionMask = 2147483647;
			files = (
				4FB6B56A8A4DDA00575B713A /* Pods_NIBM_Parking_NIBM_ParkingUITests.framework in Frameworks */,
			);
			runOnlyForDeploymentPostprocessing = 0;
		};
/* End PBXFrameworksBuildPhase section */

/* Begin PBXGroup section */
		69402150273CFCAD004615B6 = {
			isa = PBXGroup;
			children = (
				6940215B273CFCAD004615B6 /* NIBM Parking */,
				69402172273CFCB1004615B6 /* NIBM ParkingTests */,
				6940217D273CFCB1004615B6 /* NIBM ParkingUITests */,
				6940215A273CFCAD004615B6 /* Products */,
				C61C1BEC01383964B10A6D04 /* Pods */,
				D89F8D0EC749D0703BC0FFB5 /* Frameworks */,
			);
			sourceTree = "<group>";
		};
		6940215A273CFCAD004615B6 /* Products */ = {
			isa = PBXGroup;
			children = (
				69402159273CFCAD004615B6 /* NIBM Parking.app */,
				6940216F273CFCB1004615B6 /* NIBM ParkingTests.xctest */,
				6940217A273CFCB1004615B6 /* NIBM ParkingUITests.xctest */,
			);
			name = Products;
			sourceTree = "<group>";
		};
		6940215B273CFCAD004615B6 /* NIBM Parking */ = {
			isa = PBXGroup;
			children = (
				6944BE742744294700C20A62 /* Util */,
				6940218E273D2951004615B6 /* Controller */,
				6940218D273D293D004615B6 /* Model */,
				6940218C273D292F004615B6 /* Views */,
				6940215C273CFCAD004615B6 /* AppDelegate.swift */,
				6940215E273CFCAD004615B6 /* SceneDelegate.swift */,
				69402165273CFCB1004615B6 /* Assets.xcassets */,
				69402167273CFCB1004615B6 /* LaunchScreen.storyboard */,
				6940216A273CFCB1004615B6 /* Info.plist */,
				692797D0273E4B2900A80E1F /* GoogleService-Info.plist */,
			);
			path = "NIBM Parking";
			sourceTree = "<group>";
		};
		69402172273CFCB1004615B6 /* NIBM ParkingTests */ = {
			isa = PBXGroup;
			children = (
				69402173273CFCB1004615B6 /* NIBM_ParkingTests.swift */,
				69402175273CFCB1004615B6 /* Info.plist */,
			);
			path = "NIBM ParkingTests";
			sourceTree = "<group>";
		};
		6940217D273CFCB1004615B6 /* NIBM ParkingUITests */ = {
			isa = PBXGroup;
			children = (
				6940217E273CFCB1004615B6 /* NIBM_ParkingUITests.swift */,
				69402180273CFCB1004615B6 /* Info.plist */,
			);
			path = "NIBM ParkingUITests";
			sourceTree = "<group>";
		};
		6940218C273D292F004615B6 /* Views */ = {
			isa = PBXGroup;
			children = (
				69402162273CFCAD004615B6 /* Main.storyboard */,
				693D49DA27456261005C2448 /* HomeSwiftUIView.swift */,
				695B857E2746A48B002F372F /* ProfileSwiftUIView.swift */,
				695B85822746A4CF002F372F /* SettingsSwiftUIView.swift */,
				695B85862746A4E6002F372F /* BookingSwiftUIView.swift */,
				695B858A2747669A002F372F /* QRCodeSwiftUIView.swift */,
				695B859927481204002F372F /* LoginSwiftUIView.swift */,
				695B859D274829F6002F372F /* SignUpSwiftUIView.swift */,
				69563FB0274D113700F29CA1 /* TabViewSwiftUIView.swift */,
			);
			path = Views;
			sourceTree = "<group>";
		};
		6940218D273D293D004615B6 /* Model */ = {
			isa = PBXGroup;
			children = (
				692797DC273E76D100A80E1F /* EntityModel.swift */,
			);
			path = Model;
			sourceTree = "<group>";
		};
		6940218E273D2951004615B6 /* Controller */ = {
			isa = PBXGroup;
			children = (
				692797D4273E730700A80E1F /* SigninViewController.swift */,
				6944BE702743F87600C20A62 /* SignUpViewController.swift */,
				693D49D62745545E005C2448 /* SplashViewController.swift */,
				693D49DE27456702005C2448 /* forgetPasswordViewController.swift */,
				693D49EC27457F6A005C2448 /* HomeViewController.swift */,
				693D49F027458192005C2448 /* ProfileViewController.swift */,
				695B859527479F6F002F372F /* SettingsViewController.swift */,
			);
			path = Controller;
			sourceTree = "<group>";
		};
		6944BE742744294700C20A62 /* Util */ = {
			isa = PBXGroup;
			children = (
				6944BE762744298400C20A62 /* sessionControl.swift */,
				6944BE7A2744421C00C20A62 /* inputValidator.swift */,
			);
			path = Util;
			sourceTree = "<group>";
		};
		C61C1BEC01383964B10A6D04 /* Pods */ = {
			isa = PBXGroup;
			children = (
				9AEBCCB605C2BDE7C6DC0743 /* Pods-NIBM Parking.debug.xcconfig */,
				A469FBA86ED89EAF68A8D092 /* Pods-NIBM Parking.release.xcconfig */,
				56488E386470CC99A89F4E06 /* Pods-NIBM Parking-NIBM ParkingUITests.debug.xcconfig */,
				13B7577B025F161C877F2B68 /* Pods-NIBM Parking-NIBM ParkingUITests.release.xcconfig */,
				C79655CE9D3F48F5EDB3B07B /* Pods-NIBM ParkingTests.debug.xcconfig */,
				8D763FBCB2E9BB2A2CDAF9D6 /* Pods-NIBM ParkingTests.release.xcconfig */,
			);
			path = Pods;
			sourceTree = "<group>";
		};
		D89F8D0EC749D0703BC0FFB5 /* Frameworks */ = {
			isa = PBXGroup;
			children = (
				0CCB6CF47D8D8395ECB8195F /* Pods_NIBM_Parking.framework */,
				5A3F39B9C8917B23FC6C9812 /* Pods_NIBM_Parking_NIBM_ParkingUITests.framework */,
				51B43CF377E13ED0DBDB9B57 /* Pods_NIBM_ParkingTests.framework */,
			);
			name = Frameworks;
			sourceTree = "<group>";
		};
/* End PBXGroup section */

/* Begin PBXNativeTarget section */
		69402158273CFCAD004615B6 /* NIBM Parking */ = {
			isa = PBXNativeTarget;
			buildConfigurationList = 69402183273CFCB1004615B6 /* Build configuration list for PBXNativeTarget "NIBM Parking" */;
			buildPhases = (
				8BB72B1440D2E8A6B788E937 /* [CP] Check Pods Manifest.lock */,
				69402155273CFCAD004615B6 /* Sources */,
				69402156273CFCAD004615B6 /* Frameworks */,
				69402157273CFCAD004615B6 /* Resources */,
				744FD6EE6BBE9DAD7946296C /* [CP] Embed Pods Frameworks */,
			);
			buildRules = (
			);
			dependencies = (
			);
			name = "NIBM Parking";
			packageProductDependencies = (
				695B859327476B44002F372F /* CodeScanner */,
			);
			productName = "NIBM Parking";
			productReference = 69402159273CFCAD004615B6 /* NIBM Parking.app */;
			productType = "com.apple.product-type.application";
		};
		6940216E273CFCB1004615B6 /* NIBM ParkingTests */ = {
			isa = PBXNativeTarget;
			buildConfigurationList = 69402186273CFCB1004615B6 /* Build configuration list for PBXNativeTarget "NIBM ParkingTests" */;
			buildPhases = (
				1DD1FED0E7F9AF2C4BC681F7 /* [CP] Check Pods Manifest.lock */,
				6940216B273CFCB1004615B6 /* Sources */,
				6940216C273CFCB1004615B6 /* Frameworks */,
				6940216D273CFCB1004615B6 /* Resources */,
			);
			buildRules = (
			);
			dependencies = (
				69402171273CFCB1004615B6 /* PBXTargetDependency */,
			);
			name = "NIBM ParkingTests";
			productName = "NIBM ParkingTests";
			productReference = 6940216F273CFCB1004615B6 /* NIBM ParkingTests.xctest */;
			productType = "com.apple.product-type.bundle.unit-test";
		};
		69402179273CFCB1004615B6 /* NIBM ParkingUITests */ = {
			isa = PBXNativeTarget;
			buildConfigurationList = 69402189273CFCB1004615B6 /* Build configuration list for PBXNativeTarget "NIBM ParkingUITests" */;
			buildPhases = (
				87810C6DAE1CA47651628624 /* [CP] Check Pods Manifest.lock */,
				69402176273CFCB1004615B6 /* Sources */,
				69402177273CFCB1004615B6 /* Frameworks */,
				69402178273CFCB1004615B6 /* Resources */,
				A052E1B037824F41132D4317 /* [CP] Embed Pods Frameworks */,
			);
			buildRules = (
			);
			dependencies = (
				6940217C273CFCB1004615B6 /* PBXTargetDependency */,
			);
			name = "NIBM ParkingUITests";
			productName = "NIBM ParkingUITests";
			productReference = 6940217A273CFCB1004615B6 /* NIBM ParkingUITests.xctest */;
			productType = "com.apple.product-type.bundle.ui-testing";
		};
/* End PBXNativeTarget section */

/* Begin PBXProject section */
		69402151273CFCAD004615B6 /* Project object */ = {
			isa = PBXProject;
			attributes = {
				LastSwiftUpdateCheck = 1250;
				LastUpgradeCheck = 1250;
				TargetAttributes = {
					69402158273CFCAD004615B6 = {
						CreatedOnToolsVersion = 12.5.1;
					};
					6940216E273CFCB1004615B6 = {
						CreatedOnToolsVersion = 12.5.1;
						TestTargetID = 69402158273CFCAD004615B6;
					};
					69402179273CFCB1004615B6 = {
						CreatedOnToolsVersion = 12.5.1;
						TestTargetID = 69402158273CFCAD004615B6;
					};
				};
			};
			buildConfigurationList = 69402154273CFCAD004615B6 /* Build configuration list for PBXProject "NIBM Parking" */;
			compatibilityVersion = "Xcode 9.3";
			developmentRegion = en;
			hasScannedForEncodings = 0;
			knownRegions = (
				en,
				Base,
			);
			mainGroup = 69402150273CFCAD004615B6;
			packageReferences = (
				695B859227476B44002F372F /* XCRemoteSwiftPackageReference "CodeScanner" */,
			);
			productRefGroup = 6940215A273CFCAD004615B6 /* Products */;
			projectDirPath = "";
			projectRoot = "";
			targets = (
				69402158273CFCAD004615B6 /* NIBM Parking */,
				6940216E273CFCB1004615B6 /* NIBM ParkingTests */,
				69402179273CFCB1004615B6 /* NIBM ParkingUITests */,
			);
		};
/* End PBXProject section */

/* Begin PBXResourcesBuildPhase section */
		69402157273CFCAD004615B6 /* Resources */ = {
			isa = PBXResourcesBuildPhase;
			buildActionMask = 2147483647;
			files = (
				69402169273CFCB1004615B6 /* LaunchScreen.storyboard in Resources */,
				692797D1273E4B2900A80E1F /* GoogleService-Info.plist in Resources */,
				69402166273CFCB1004615B6 /* Assets.xcassets in Resources */,
				69402164273CFCAD004615B6 /* Main.storyboard in Resources */,
			);
			runOnlyForDeploymentPostprocessing = 0;
		};
		6940216D273CFCB1004615B6 /* Resources */ = {
			isa = PBXResourcesBuildPhase;
			buildActionMask = 2147483647;
			files = (
				692797D2273E4B2900A80E1F /* GoogleService-Info.plist in Resources */,
			);
			runOnlyForDeploymentPostprocessing = 0;
		};
		69402178273CFCB1004615B6 /* Resources */ = {
			isa = PBXResourcesBuildPhase;
			buildActionMask = 2147483647;
			files = (
				692797D3273E4B2900A80E1F /* GoogleService-Info.plist in Resources */,
			);
			runOnlyForDeploymentPostprocessing = 0;
		};
/* End PBXResourcesBuildPhase section */

/* Begin PBXShellScriptBuildPhase section */
		1DD1FED0E7F9AF2C4BC681F7 /* [CP] Check Pods Manifest.lock */ = {
			isa = PBXShellScriptBuildPhase;
			buildActionMask = 2147483647;
			files = (
			);
			inputFileListPaths = (
			);
			inputPaths = (
				"${PODS_PODFILE_DIR_PATH}/Podfile.lock",
				"${PODS_ROOT}/Manifest.lock",
			);
			name = "[CP] Check Pods Manifest.lock";
			outputFileListPaths = (
			);
			outputPaths = (
				"$(DERIVED_FILE_DIR)/Pods-NIBM ParkingTests-checkManifestLockResult.txt",
			);
			runOnlyForDeploymentPostprocessing = 0;
			shellPath = /bin/sh;
			shellScript = "diff \"${PODS_PODFILE_DIR_PATH}/Podfile.lock\" \"${PODS_ROOT}/Manifest.lock\" > /dev/null\nif [ $? != 0 ] ; then\n    # print error to STDERR\n    echo \"error: The sandbox is not in sync with the Podfile.lock. Run 'pod install' or update your CocoaPods installation.\" >&2\n    exit 1\nfi\n# This output is used by Xcode 'outputs' to avoid re-running this script phase.\necho \"SUCCESS\" > \"${SCRIPT_OUTPUT_FILE_0}\"\n";
			showEnvVarsInLog = 0;
		};
		744FD6EE6BBE9DAD7946296C /* [CP] Embed Pods Frameworks */ = {
			isa = PBXShellScriptBuildPhase;
			buildActionMask = 2147483647;
			files = (
			);
			inputFileListPaths = (
				"${PODS_ROOT}/Target Support Files/Pods-NIBM Parking/Pods-NIBM Parking-frameworks-${CONFIGURATION}-input-files.xcfilelist",
			);
			name = "[CP] Embed Pods Frameworks";
			outputFileListPaths = (
				"${PODS_ROOT}/Target Support Files/Pods-NIBM Parking/Pods-NIBM Parking-frameworks-${CONFIGURATION}-output-files.xcfilelist",
			);
			runOnlyForDeploymentPostprocessing = 0;
			shellPath = /bin/sh;
			shellScript = "\"${PODS_ROOT}/Target Support Files/Pods-NIBM Parking/Pods-NIBM Parking-frameworks.sh\"\n";
			showEnvVarsInLog = 0;
		};
		87810C6DAE1CA47651628624 /* [CP] Check Pods Manifest.lock */ = {
			isa = PBXShellScriptBuildPhase;
			buildActionMask = 2147483647;
			files = (
			);
			inputFileListPaths = (
			);
			inputPaths = (
				"${PODS_PODFILE_DIR_PATH}/Podfile.lock",
				"${PODS_ROOT}/Manifest.lock",
			);
			name = "[CP] Check Pods Manifest.lock";
			outputFileListPaths = (
			);
			outputPaths = (
				"$(DERIVED_FILE_DIR)/Pods-NIBM Parking-NIBM ParkingUITests-checkManifestLockResult.txt",
			);
			runOnlyForDeploymentPostprocessing = 0;
			shellPath = /bin/sh;
			shellScript = "diff \"${PODS_PODFILE_DIR_PATH}/Podfile.lock\" \"${PODS_ROOT}/Manifest.lock\" > /dev/null\nif [ $? != 0 ] ; then\n    # print error to STDERR\n    echo \"error: The sandbox is not in sync with the Podfile.lock. Run 'pod install' or update your CocoaPods installation.\" >&2\n    exit 1\nfi\n# This output is used by Xcode 'outputs' to avoid re-running this script phase.\necho \"SUCCESS\" > \"${SCRIPT_OUTPUT_FILE_0}\"\n";
			showEnvVarsInLog = 0;
		};
		8BB72B1440D2E8A6B788E937 /* [CP] Check Pods Manifest.lock */ = {
			isa = PBXShellScriptBuildPhase;
			buildActionMask = 2147483647;
			files = (
			);
			inputFileListPaths = (
			);
			inputPaths = (
				"${PODS_PODFILE_DIR_PATH}/Podfile.lock",
				"${PODS_ROOT}/Manifest.lock",
			);
			name = "[CP] Check Pods Manifest.lock";
			outputFileListPaths = (
			);
			outputPaths = (
				"$(DERIVED_FILE_DIR)/Pods-NIBM Parking-checkManifestLockResult.txt",
			);
			runOnlyForDeploymentPostprocessing = 0;
			shellPath = /bin/sh;
			shellScript = "diff \"${PODS_PODFILE_DIR_PATH}/Podfile.lock\" \"${PODS_ROOT}/Manifest.lock\" > /dev/null\nif [ $? != 0 ] ; then\n    # print error to STDERR\n    echo \"error: The sandbox is not in sync with the Podfile.lock. Run 'pod install' or update your CocoaPods installation.\" >&2\n    exit 1\nfi\n# This output is used by Xcode 'outputs' to avoid re-running this script phase.\necho \"SUCCESS\" > \"${SCRIPT_OUTPUT_FILE_0}\"\n";
			showEnvVarsInLog = 0;
		};
		A052E1B037824F41132D4317 /* [CP] Embed Pods Frameworks */ = {
			isa = PBXShellScriptBuildPhase;
			buildActionMask = 2147483647;
			files = (
			);
			inputFileListPaths = (
				"${PODS_ROOT}/Target Support Files/Pods-NIBM Parking-NIBM ParkingUITests/Pods-NIBM Parking-NIBM ParkingUITests-frameworks-${CONFIGURATION}-input-files.xcfilelist",
			);
			name = "[CP] Embed Pods Frameworks";
			outputFileListPaths = (
				"${PODS_ROOT}/Target Support Files/Pods-NIBM Parking-NIBM ParkingUITests/Pods-NIBM Parking-NIBM ParkingUITests-frameworks-${CONFIGURATION}-output-files.xcfilelist",
			);
			runOnlyForDeploymentPostprocessing = 0;
			shellPath = /bin/sh;
			shellScript = "\"${PODS_ROOT}/Target Support Files/Pods-NIBM Parking-NIBM ParkingUITests/Pods-NIBM Parking-NIBM ParkingUITests-frameworks.sh\"\n";
			showEnvVarsInLog = 0;
		};
/* End PBXShellScriptBuildPhase section */

/* Begin PBXSourcesBuildPhase section */
		69402155273CFCAD004615B6 /* Sources */ = {
			isa = PBXSourcesBuildPhase;
			buildActionMask = 2147483647;
			files = (
				692797D5273E730700A80E1F /* SigninViewController.swift in Sources */,
				6940215D273CFCAD004615B6 /* AppDelegate.swift in Sources */,
				695B859A27481204002F372F /* LoginSwiftUIView.swift in Sources */,
				6944BE772744298400C20A62 /* sessionControl.swift in Sources */,
				695B85832746A4CF002F372F /* SettingsSwiftUIView.swift in Sources */,
				692797DD273E76D100A80E1F /* EntityModel.swift in Sources */,
				693D49DF27456702005C2448 /* forgetPasswordViewController.swift in Sources */,
				69563FB1274D113800F29CA1 /* TabViewSwiftUIView.swift in Sources */,
				695B858B2747669A002F372F /* QRCodeSwiftUIView.swift in Sources */,
				695B85872746A4E6002F372F /* BookingSwiftUIView.swift in Sources */,
				693D49DB27456261005C2448 /* HomeSwiftUIView.swift in Sources */,
				693D49F127458192005C2448 /* ProfileViewController.swift in Sources */,
				6940215F273CFCAD004615B6 /* SceneDelegate.swift in Sources */,
				693D49ED27457F6A005C2448 /* HomeViewController.swift in Sources */,
				695B859627479F6F002F372F /* SettingsViewController.swift in Sources */,
				695B859E274829F6002F372F /* SignUpSwiftUIView.swift in Sources */,
				6944BE7B2744421C00C20A62 /* inputValidator.swift in Sources */,
				695B857F2746A48B002F372F /* ProfileSwiftUIView.swift in Sources */,
				6944BE712743F87600C20A62 /* SignUpViewController.swift in Sources */,
				693D49D72745545E005C2448 /* SplashViewController.swift in Sources */,
			);
			runOnlyForDeploymentPostprocessing = 0;
		};
		6940216B273CFCB1004615B6 /* Sources */ = {
			isa = PBXSourcesBuildPhase;
			buildActionMask = 2147483647;
			files = (
				695B859F274829F6002F372F /* SignUpSwiftUIView.swift in Sources */,
				692797DE273E76D100A80E1F /* EntityModel.swift in Sources */,
				693D49E027456702005C2448 /* forgetPasswordViewController.swift in Sources */,
				6944BE782744298400C20A62 /* sessionControl.swift in Sources */,
				692797D6273E730700A80E1F /* SigninViewController.swift in Sources */,
				695B85882746A4E6002F372F /* BookingSwiftUIView.swift in Sources */,
				695B85842746A4CF002F372F /* SettingsSwiftUIView.swift in Sources */,
				6944BE7C2744421C00C20A62 /* inputValidator.swift in Sources */,
				695B859727479F6F002F372F /* SettingsViewController.swift in Sources */,
				693D49EE27457F6A005C2448 /* HomeViewController.swift in Sources */,
				695B859B27481204002F372F /* LoginSwiftUIView.swift in Sources */,
				695B85802746A48B002F372F /* ProfileSwiftUIView.swift in Sources */,
				695B858C2747669A002F372F /* QRCodeSwiftUIView.swift in Sources */,
				693D49F227458192005C2448 /* ProfileViewController.swift in Sources */,
				6944BE722743F87600C20A62 /* SignUpViewController.swift in Sources */,
				693D49D82745545E005C2448 /* SplashViewController.swift in Sources */,
				69402174273CFCB1004615B6 /* NIBM_ParkingTests.swift in Sources */,
				693D49DC27456261005C2448 /* HomeSwiftUIView.swift in Sources */,
			);
			runOnlyForDeploymentPostprocessing = 0;
		};
		69402176273CFCB1004615B6 /* Sources */ = {
			isa = PBXSourcesBuildPhase;
			buildActionMask = 2147483647;
			files = (
				695B85A0274829F6002F372F /* SignUpSwiftUIView.swift in Sources */,
				692797DF273E76D100A80E1F /* EntityModel.swift in Sources */,
				693D49E127456702005C2448 /* forgetPasswordViewController.swift in Sources */,
				6944BE792744298400C20A62 /* sessionControl.swift in Sources */,
				692797D7273E730700A80E1F /* SigninViewController.swift in Sources */,
				695B85892746A4E6002F372F /* BookingSwiftUIView.swift in Sources */,
				695B85852746A4CF002F372F /* SettingsSwiftUIView.swift in Sources */,
				6944BE7D2744421C00C20A62 /* inputValidator.swift in Sources */,
				695B859827479F6F002F372F /* SettingsViewController.swift in Sources */,
				693D49EF27457F6A005C2448 /* HomeViewController.swift in Sources */,
				695B859C27481204002F372F /* LoginSwiftUIView.swift in Sources */,
				695B85812746A48B002F372F /* ProfileSwiftUIView.swift in Sources */,
				695B858D2747669A002F372F /* QRCodeSwiftUIView.swift in Sources */,
				693D49F327458192005C2448 /* ProfileViewController.swift in Sources */,
				6944BE732743F87600C20A62 /* SignUpViewController.swift in Sources */,
				693D49D92745545E005C2448 /* SplashViewController.swift in Sources */,
				6940217F273CFCB1004615B6 /* NIBM_ParkingUITests.swift in Sources */,
				693D49DD27456261005C2448 /* HomeSwiftUIView.swift in Sources */,
			);
			runOnlyForDeploymentPostprocessing = 0;
		};
/* End PBXSourcesBuildPhase section */

/* Begin PBXTargetDependency section */
		69402171273CFCB1004615B6 /* PBXTargetDependency */ = {
			isa = PBXTargetDependency;
			target = 69402158273CFCAD004615B6 /* NIBM Parking */;
			targetProxy = 69402170273CFCB1004615B6 /* PBXContainerItemProxy */;
		};
		6940217C273CFCB1004615B6 /* PBXTargetDependency */ = {
			isa = PBXTargetDependency;
			target = 69402158273CFCAD004615B6 /* NIBM Parking */;
			targetProxy = 6940217B273CFCB1004615B6 /* PBXContainerItemProxy */;
		};
/* End PBXTargetDependency section */

/* Begin PBXVariantGroup section */
		69402162273CFCAD004615B6 /* Main.storyboard */ = {
			isa = PBXVariantGroup;
			children = (
				69402163273CFCAD004615B6 /* Base */,
			);
			name = Main.storyboard;
			sourceTree = "<group>";
		};
		69402167273CFCB1004615B6 /* LaunchScreen.storyboard */ = {
			isa = PBXVariantGroup;
			children = (
				69402168273CFCB1004615B6 /* Base */,
			);
			name = LaunchScreen.storyboard;
			sourceTree = "<group>";
		};
/* End PBXVariantGroup section */

/* Begin XCBuildConfiguration section */
		69402181273CFCB1004615B6 /* Debug */ = {
			isa = XCBuildConfiguration;
			buildSettings = {
				ALWAYS_SEARCH_USER_PATHS = NO;
				CLANG_ANALYZER_NONNULL = YES;
				CLANG_ANALYZER_NUMBER_OBJECT_CONVERSION = YES_AGGRESSIVE;
				CLANG_CXX_LANGUAGE_STANDARD = "gnu++14";
				CLANG_CXX_LIBRARY = "libc++";
				CLANG_ENABLE_MODULES = YES;
				CLANG_ENABLE_OBJC_ARC = YES;
				CLANG_ENABLE_OBJC_WEAK = YES;
				CLANG_WARN_BLOCK_CAPTURE_AUTORELEASING = YES;
				CLANG_WARN_BOOL_CONVERSION = YES;
				CLANG_WARN_COMMA = YES;
				CLANG_WARN_CONSTANT_CONVERSION = YES;
				CLANG_WARN_DEPRECATED_OBJC_IMPLEMENTATIONS = YES;
				CLANG_WARN_DIRECT_OBJC_ISA_USAGE = YES_ERROR;
				CLANG_WARN_DOCUMENTATION_COMMENTS = YES;
				CLANG_WARN_EMPTY_BODY = YES;
				CLANG_WARN_ENUM_CONVERSION = YES;
				CLANG_WARN_INFINITE_RECURSION = YES;
				CLANG_WARN_INT_CONVERSION = YES;
				CLANG_WARN_NON_LITERAL_NULL_CONVERSION = YES;
				CLANG_WARN_OBJC_IMPLICIT_RETAIN_SELF = YES;
				CLANG_WARN_OBJC_LITERAL_CONVERSION = YES;
				CLANG_WARN_OBJC_ROOT_CLASS = YES_ERROR;
				CLANG_WARN_QUOTED_INCLUDE_IN_FRAMEWORK_HEADER = YES;
				CLANG_WARN_RANGE_LOOP_ANALYSIS = YES;
				CLANG_WARN_STRICT_PROTOTYPES = YES;
				CLANG_WARN_SUSPICIOUS_MOVE = YES;
				CLANG_WARN_UNGUARDED_AVAILABILITY = YES_AGGRESSIVE;
				CLANG_WARN_UNREACHABLE_CODE = YES;
				CLANG_WARN__DUPLICATE_METHOD_MATCH = YES;
				COPY_PHASE_STRIP = NO;
				DEBUG_INFORMATION_FORMAT = dwarf;
				ENABLE_STRICT_OBJC_MSGSEND = YES;
				ENABLE_TESTABILITY = YES;
				GCC_C_LANGUAGE_STANDARD = gnu11;
				GCC_DYNAMIC_NO_PIC = NO;
				GCC_NO_COMMON_BLOCKS = YES;
				GCC_OPTIMIZATION_LEVEL = 0;
				GCC_PREPROCESSOR_DEFINITIONS = (
					"DEBUG=1",
					"$(inherited)",
				);
				GCC_WARN_64_TO_32_BIT_CONVERSION = YES;
				GCC_WARN_ABOUT_RETURN_TYPE = YES_ERROR;
				GCC_WARN_UNDECLARED_SELECTOR = YES;
				GCC_WARN_UNINITIALIZED_AUTOS = YES_AGGRESSIVE;
				GCC_WARN_UNUSED_FUNCTION = YES;
				GCC_WARN_UNUSED_VARIABLE = YES;
				IPHONEOS_DEPLOYMENT_TARGET = 14.5;
				MTL_ENABLE_DEBUG_INFO = INCLUDE_SOURCE;
				MTL_FAST_MATH = YES;
				ONLY_ACTIVE_ARCH = YES;
				SDKROOT = iphoneos;
				SWIFT_ACTIVE_COMPILATION_CONDITIONS = DEBUG;
				SWIFT_OPTIMIZATION_LEVEL = "-Onone";
			};
			name = Debug;
		};
		69402182273CFCB1004615B6 /* Release */ = {
			isa = XCBuildConfiguration;
			buildSettings = {
				ALWAYS_SEARCH_USER_PATHS = NO;
				CLANG_ANALYZER_NONNULL = YES;
				CLANG_ANALYZER_NUMBER_OBJECT_CONVERSION = YES_AGGRESSIVE;
				CLANG_CXX_LANGUAGE_STANDARD = "gnu++14";
				CLANG_CXX_LIBRARY = "libc++";
				CLANG_ENABLE_MODULES = YES;
				CLANG_ENABLE_OBJC_ARC = YES;
				CLANG_ENABLE_OBJC_WEAK = YES;
				CLANG_WARN_BLOCK_CAPTURE_AUTORELEASING = YES;
				CLANG_WARN_BOOL_CONVERSION = YES;
				CLANG_WARN_COMMA = YES;
				CLANG_WARN_CONSTANT_CONVERSION = YES;
				CLANG_WARN_DEPRECATED_OBJC_IMPLEMENTATIONS = YES;
				CLANG_WARN_DIRECT_OBJC_ISA_USAGE = YES_ERROR;
				CLANG_WARN_DOCUMENTATION_COMMENTS = YES;
				CLANG_WARN_EMPTY_BODY = YES;
				CLANG_WARN_ENUM_CONVERSION = YES;
				CLANG_WARN_INFINITE_RECURSION = YES;
				CLANG_WARN_INT_CONVERSION = YES;
				CLANG_WARN_NON_LITERAL_NULL_CONVERSION = YES;
				CLANG_WARN_OBJC_IMPLICIT_RETAIN_SELF = YES;
				CLANG_WARN_OBJC_LITERAL_CONVERSION = YES;
				CLANG_WARN_OBJC_ROOT_CLASS = YES_ERROR;
				CLANG_WARN_QUOTED_INCLUDE_IN_FRAMEWORK_HEADER = YES;
				CLANG_WARN_RANGE_LOOP_ANALYSIS = YES;
				CLANG_WARN_STRICT_PROTOTYPES = YES;
				CLANG_WARN_SUSPICIOUS_MOVE = YES;
				CLANG_WARN_UNGUARDED_AVAILABILITY = YES_AGGRESSIVE;
				CLANG_WARN_UNREACHABLE_CODE = YES;
				CLANG_WARN__DUPLICATE_METHOD_MATCH = YES;
				COPY_PHASE_STRIP = NO;
				DEBUG_INFORMATION_FORMAT = "dwarf-with-dsym";
				ENABLE_NS_ASSERTIONS = NO;
				ENABLE_STRICT_OBJC_MSGSEND = YES;
				GCC_C_LANGUAGE_STANDARD = gnu11;
				GCC_NO_COMMON_BLOCKS = YES;
				GCC_WARN_64_TO_32_BIT_CONVERSION = YES;
				GCC_WARN_ABOUT_RETURN_TYPE = YES_ERROR;
				GCC_WARN_UNDECLARED_SELECTOR = YES;
				GCC_WARN_UNINITIALIZED_AUTOS = YES_AGGRESSIVE;
				GCC_WARN_UNUSED_FUNCTION = YES;
				GCC_WARN_UNUSED_VARIABLE = YES;
				IPHONEOS_DEPLOYMENT_TARGET = 14.5;
				MTL_ENABLE_DEBUG_INFO = NO;
				MTL_FAST_MATH = YES;
				SDKROOT = iphoneos;
				SWIFT_COMPILATION_MODE = wholemodule;
				SWIFT_OPTIMIZATION_LEVEL = "-O";
				VALIDATE_PRODUCT = YES;
			};
			name = Release;
		};
		69402184273CFCB1004615B6 /* Debug */ = {
			isa = XCBuildConfiguration;
			baseConfigurationReference = 9AEBCCB605C2BDE7C6DC0743 /* Pods-NIBM Parking.debug.xcconfig */;
			buildSettings = {
				ASSETCATALOG_COMPILER_APPICON_NAME = AppIcon;
				ASSETCATALOG_COMPILER_GLOBAL_ACCENT_COLOR_NAME = AccentColor;
				CODE_SIGN_STYLE = Automatic;
				DEVELOPMENT_TEAM = 9P2J8YALRC;
				INFOPLIST_FILE = "NIBM Parking/Info.plist";
				LD_RUNPATH_SEARCH_PATHS = (
					"$(inherited)",
					"@executable_path/Frameworks",
				);
				PRODUCT_BUNDLE_IDENTIFIER = "com.Rwishwajith.NIBM-Parking";
				PRODUCT_NAME = "$(TARGET_NAME)";
				SWIFT_VERSION = 5.0;
				TARGETED_DEVICE_FAMILY = "1,2";
			};
			name = Debug;
		};
		69402185273CFCB1004615B6 /* Release */ = {
			isa = XCBuildConfiguration;
			baseConfigurationReference = A469FBA86ED89EAF68A8D092 /* Pods-NIBM Parking.release.xcconfig */;
			buildSettings = {
				ASSETCATALOG_COMPILER_APPICON_NAME = AppIcon;
				ASSETCATALOG_COMPILER_GLOBAL_ACCENT_COLOR_NAME = AccentColor;
				CODE_SIGN_STYLE = Automatic;
				DEVELOPMENT_TEAM = 9P2J8YALRC;
				INFOPLIST_FILE = "NIBM Parking/Info.plist";
				LD_RUNPATH_SEARCH_PATHS = (
					"$(inherited)",
					"@executable_path/Frameworks",
				);
				PRODUCT_BUNDLE_IDENTIFIER = "com.Rwishwajith.NIBM-Parking";
				PRODUCT_NAME = "$(TARGET_NAME)";
				SWIFT_VERSION = 5.0;
				TARGETED_DEVICE_FAMILY = "1,2";
			};
			name = Release;
		};
		69402187273CFCB1004615B6 /* Debug */ = {
			isa = XCBuildConfiguration;
			baseConfigurationReference = C79655CE9D3F48F5EDB3B07B /* Pods-NIBM ParkingTests.debug.xcconfig */;
			buildSettings = {
				ALWAYS_EMBED_SWIFT_STANDARD_LIBRARIES = YES;
				BUNDLE_LOADER = "$(TEST_HOST)";
				CODE_SIGN_STYLE = Automatic;
				DEVELOPMENT_TEAM = 9P2J8YALRC;
				INFOPLIST_FILE = "NIBM ParkingTests/Info.plist";
				IPHONEOS_DEPLOYMENT_TARGET = 14.5;
				LD_RUNPATH_SEARCH_PATHS = (
					"$(inherited)",
					"@executable_path/Frameworks",
					"@loader_path/Frameworks",
				);
				PRODUCT_BUNDLE_IDENTIFIER = "com.Rwishwajith.NIBM-ParkingTests";
				PRODUCT_NAME = "$(TARGET_NAME)";
				SWIFT_VERSION = 5.0;
				TARGETED_DEVICE_FAMILY = "1,2";
				TEST_HOST = "$(BUILT_PRODUCTS_DIR)/NIBM Parking.app/NIBM Parking";
			};
			name = Debug;
		};
		69402188273CFCB1004615B6 /* Release */ = {
			isa = XCBuildConfiguration;
			baseConfigurationReference = 8D763FBCB2E9BB2A2CDAF9D6 /* Pods-NIBM ParkingTests.release.xcconfig */;
			buildSettings = {
				ALWAYS_EMBED_SWIFT_STANDARD_LIBRARIES = YES;
				BUNDLE_LOADER = "$(TEST_HOST)";
				CODE_SIGN_STYLE = Automatic;
				DEVELOPMENT_TEAM = 9P2J8YALRC;
				INFOPLIST_FILE = "NIBM ParkingTests/Info.plist";
				IPHONEOS_DEPLOYMENT_TARGET = 14.5;
				LD_RUNPATH_SEARCH_PATHS = (
					"$(inherited)",
					"@executable_path/Frameworks",
					"@loader_path/Frameworks",
				);
				PRODUCT_BUNDLE_IDENTIFIER = "com.Rwishwajith.NIBM-ParkingTests";
				PRODUCT_NAME = "$(TARGET_NAME)";
				SWIFT_VERSION = 5.0;
				TARGETED_DEVICE_FAMILY = "1,2";
				TEST_HOST = "$(BUILT_PRODUCTS_DIR)/NIBM Parking.app/NIBM Parking";
			};
			name = Release;
		};
		6940218A273CFCB1004615B6 /* Debug */ = {
			isa = XCBuildConfiguration;
			baseConfigurationReference = 56488E386470CC99A89F4E06 /* Pods-NIBM Parking-NIBM ParkingUITests.debug.xcconfig */;
			buildSettings = {
				ALWAYS_EMBED_SWIFT_STANDARD_LIBRARIES = YES;
				CODE_SIGN_STYLE = Automatic;
				DEVELOPMENT_TEAM = 9P2J8YALRC;
				INFOPLIST_FILE = "NIBM ParkingUITests/Info.plist";
				LD_RUNPATH_SEARCH_PATHS = (
					"$(inherited)",
					"@executable_path/Frameworks",
					"@loader_path/Frameworks",
				);
				PRODUCT_BUNDLE_IDENTIFIER = "com.Rwishwajith.NIBM-ParkingUITests";
				PRODUCT_NAME = "$(TARGET_NAME)";
				SWIFT_VERSION = 5.0;
				TARGETED_DEVICE_FAMILY = "1,2";
				TEST_TARGET_NAME = "NIBM Parking";
			};
			name = Debug;
		};
		6940218B273CFCB1004615B6 /* Release */ = {
			isa = XCBuildConfiguration;
			baseConfigurationReference = 13B7577B025F161C877F2B68 /* Pods-NIBM Parking-NIBM ParkingUITests.release.xcconfig */;
			buildSettings = {
				ALWAYS_EMBED_SWIFT_STANDARD_LIBRARIES = YES;
				CODE_SIGN_STYLE = Automatic;
				DEVELOPMENT_TEAM = 9P2J8YALRC;
				INFOPLIST_FILE = "NIBM ParkingUITests/Info.plist";
				LD_RUNPATH_SEARCH_PATHS = (
					"$(inherited)",
					"@executable_path/Frameworks",
					"@loader_path/Frameworks",
				);
				PRODUCT_BUNDLE_IDENTIFIER = "com.Rwishwajith.NIBM-ParkingUITests";
				PRODUCT_NAME = "$(TARGET_NAME)";
				SWIFT_VERSION = 5.0;
				TARGETED_DEVICE_FAMILY = "1,2";
				TEST_TARGET_NAME = "NIBM Parking";
			};
			name = Release;
		};
/* End XCBuildConfiguration section */

/* Begin XCConfigurationList section */
		69402154273CFCAD004615B6 /* Build configuration list for PBXProject "NIBM Parking" */ = {
			isa = XCConfigurationList;
			buildConfigurations = (
				69402181273CFCB1004615B6 /* Debug */,
				69402182273CFCB1004615B6 /* Release */,
			);
			defaultConfigurationIsVisible = 0;
			defaultConfigurationName = Release;
		};
		69402183273CFCB1004615B6 /* Build configuration list for PBXNativeTarget "NIBM Parking" */ = {
			isa = XCConfigurationList;
			buildConfigurations = (
				69402184273CFCB1004615B6 /* Debug */,
				69402185273CFCB1004615B6 /* Release */,
			);
			defaultConfigurationIsVisible = 0;
			defaultConfigurationName = Release;
		};
		69402186273CFCB1004615B6 /* Build configuration list for PBXNativeTarget "NIBM ParkingTests" */ = {
			isa = XCConfigurationList;
			buildConfigurations = (
				69402187273CFCB1004615B6 /* Debug */,
				69402188273CFCB1004615B6 /* Release */,
			);
			defaultConfigurationIsVisible = 0;
			defaultConfigurationName = Release;
		};
		69402189273CFCB1004615B6 /* Build configuration list for PBXNativeTarget "NIBM ParkingUITests" */ = {
			isa = XCConfigurationList;
			buildConfigurations = (
				6940218A273CFCB1004615B6 /* Debug */,
				6940218B273CFCB1004615B6 /* Release */,
			);
			defaultConfigurationIsVisible = 0;
			defaultConfigurationName = Release;
		};
/* End XCConfigurationList section */

/* Begin XCRemoteSwiftPackageReference section */
		695B859227476B44002F372F /* XCRemoteSwiftPackageReference "CodeScanner" */ = {
			isa = XCRemoteSwiftPackageReference;
			repositoryURL = "https://github.com/twostraws/CodeScanner";
			requirement = {
				kind = upToNextMajorVersion;
				minimumVersion = 1.0.7;
			};
		};
/* End XCRemoteSwiftPackageReference section */

/* Begin XCSwiftPackageProductDependency section */
		695B859327476B44002F372F /* CodeScanner */ = {
			isa = XCSwiftPackageProductDependency;
			package = 695B859227476B44002F372F /* XCRemoteSwiftPackageReference "CodeScanner" */;
			productName = CodeScanner;
		};
/* End XCSwiftPackageProductDependency section */
	};
	rootObject = 69402151273CFCAD004615B6 /* Project object */;
}
